// !$*UTF8*$!
{
	archiveVersion = 1;
	classes = {
	};
	objectVersion = 50;
	objects = {

/* Begin PBXBuildFile section */
		9181470E2181D3C600C1E421 /* AppDelegate.swift in Sources */ = {isa = PBXBuildFile; fileRef = 9181470D2181D3C600C1E421 /* AppDelegate.swift */; };
		918147102181D3C600C1E421 /* ViewController.swift in Sources */ = {isa = PBXBuildFile; fileRef = 9181470F2181D3C600C1E421 /* ViewController.swift */; };
		918147132181D3C600C1E421 /* Main.storyboard in Resources */ = {isa = PBXBuildFile; fileRef = 918147112181D3C600C1E421 /* Main.storyboard */; };
		918147152181D3C800C1E421 /* Assets.xcassets in Resources */ = {isa = PBXBuildFile; fileRef = 918147142181D3C800C1E421 /* Assets.xcassets */; };
		918147182181D3C800C1E421 /* LaunchScreen.storyboard in Resources */ = {isa = PBXBuildFile; fileRef = 918147162181D3C800C1E421 /* LaunchScreen.storyboard */; };
		918147232181D3C800C1E421 /* CoordinateSystemTests.swift in Sources */ = {isa = PBXBuildFile; fileRef = 918147222181D3C800C1E421 /* CoordinateSystemTests.swift */; };
		91CB255A2182040200B94F44 /* CoordinateView.swift in Sources */ = {isa = PBXBuildFile; fileRef = 91CB25592182040200B94F44 /* CoordinateView.swift */; };
		91CB255D218204F200B94F44 /* CoreGraphicsVC.swift in Sources */ = {isa = PBXBuildFile; fileRef = 91CB255C218204F200B94F44 /* CoreGraphicsVC.swift */; };
		91CB255F2182050B00B94F44 /* BezierVC.swift in Sources */ = {isa = PBXBuildFile; fileRef = 91CB255E2182050B00B94F44 /* BezierVC.swift */; };
		91CB256121821A5E00B94F44 /* BaseViewController.swift in Sources */ = {isa = PBXBuildFile; fileRef = 91CB256021821A5E00B94F44 /* BaseViewController.swift */; };
		91CB256421821E3000B94F44 /* 坐标系.key in Resources */ = {isa = PBXBuildFile; fileRef = 91CB256321821E3000B94F44 /* 坐标系.key */; };
/* End PBXBuildFile section */

/* Begin PBXContainerItemProxy section */
		9181471F2181D3C800C1E421 /* PBXContainerItemProxy */ = {
			isa = PBXContainerItemProxy;
			containerPortal = 918147022181D3C600C1E421 /* Project object */;
			proxyType = 1;
			remoteGlobalIDString = 918147092181D3C600C1E421;
			remoteInfo = CoordinateSystem;
		};
/* End PBXContainerItemProxy section */

/* Begin PBXFileReference section */
		9181470A2181D3C600C1E421 /* CoordinateSystem.app */ = {isa = PBXFileReference; explicitFileType = wrapper.application; includeInIndex = 0; path = CoordinateSystem.app; sourceTree = BUILT_PRODUCTS_DIR; };
		9181470D2181D3C600C1E421 /* AppDelegate.swift */ = {isa = PBXFileReference; lastKnownFileType = sourcecode.swift; path = AppDelegate.swift; sourceTree = "<group>"; };
		9181470F2181D3C600C1E421 /* ViewController.swift */ = {isa = PBXFileReference; lastKnownFileType = sourcecode.swift; path = ViewController.swift; sourceTree = "<group>"; };
		918147122181D3C600C1E421 /* Base */ = {isa = PBXFileReference; lastKnownFileType = file.storyboard; name = Base; path = Base.lproj/Main.storyboard; sourceTree = "<group>"; };
		918147142181D3C800C1E421 /* Assets.xcassets */ = {isa = PBXFileReference; lastKnownFileType = folder.assetcatalog; path = Assets.xcassets; sourceTree = "<group>"; };
		918147172181D3C800C1E421 /* Base */ = {isa = PBXFileReference; lastKnownFileType = file.storyboard; name = Base; path = Base.lproj/LaunchScreen.storyboard; sourceTree = "<group>"; };
		918147192181D3C800C1E421 /* Info.plist */ = {isa = PBXFileReference; lastKnownFileType = text.plist.xml; path = Info.plist; sourceTree = "<group>"; };
		9181471E2181D3C800C1E421 /* CoordinateSystemTests.xctest */ = {isa = PBXFileReference; explicitFileType = wrapper.cfbundle; includeInIndex = 0; path = CoordinateSystemTests.xctest; sourceTree = BUILT_PRODUCTS_DIR; };
		918147222181D3C800C1E421 /* CoordinateSystemTests.swift */ = {isa = PBXFileReference; lastKnownFileType = sourcecode.swift; path = CoordinateSystemTests.swift; sourceTree = "<group>"; };
		918147242181D3C800C1E421 /* Info.plist */ = {isa = PBXFileReference; lastKnownFileType = text.plist.xml; path = Info.plist; sourceTree = "<group>"; };
		91CB25592182040200B94F44 /* CoordinateView.swift */ = {isa = PBXFileReference; fileEncoding = 4; lastKnownFileType = sourcecode.swift; path = CoordinateView.swift; sourceTree = "<group>"; };
		91CB255C218204F200B94F44 /* CoreGraphicsVC.swift */ = {isa = PBXFileReference; lastKnownFileType = sourcecode.swift; path = CoreGraphicsVC.swift; sourceTree = "<group>"; };
		91CB255E2182050B00B94F44 /* BezierVC.swift */ = {isa = PBXFileReference; lastKnownFileType = sourcecode.swift; path = BezierVC.swift; sourceTree = "<group>"; };
		91CB256021821A5E00B94F44 /* BaseViewController.swift */ = {isa = PBXFileReference; lastKnownFileType = sourcecode.swift; path = BaseViewController.swift; sourceTree = "<group>"; };
		91CB256321821E3000B94F44 /* 坐标系.key */ = {isa = PBXFileReference; lastKnownFileType = file; path = "坐标系.key"; sourceTree = "<group>"; };
/* End PBXFileReference section */

/* Begin PBXFrameworksBuildPhase section */
		918147072181D3C600C1E421 /* Frameworks */ = {
			isa = PBXFrameworksBuildPhase;
			buildActionMask = 2147483647;
			files = (
			);
			runOnlyForDeploymentPostprocessing = 0;
		};
		9181471B2181D3C800C1E421 /* Frameworks */ = {
			isa = PBXFrameworksBuildPhase;
			buildActionMask = 2147483647;
			files = (
			);
			runOnlyForDeploymentPostprocessing = 0;
		};
/* End PBXFrameworksBuildPhase section */

/* Begin PBXGroup section */
		918147012181D3C600C1E421 = {
			isa = PBXGroup;
			children = (
				9181470C2181D3C600C1E421 /* CoordinateSystem */,
				918147212181D3C800C1E421 /* CoordinateSystemTests */,
				9181470B2181D3C600C1E421 /* Products */,
			);
			sourceTree = "<group>";
		};
		9181470B2181D3C600C1E421 /* Products */ = {
			isa = PBXGroup;
			children = (
				9181470A2181D3C600C1E421 /* CoordinateSystem.app */,
				9181471E2181D3C800C1E421 /* CoordinateSystemTests.xctest */,
			);
			name = Products;
			sourceTree = "<group>";
		};
		9181470C2181D3C600C1E421 /* CoordinateSystem */ = {
			isa = PBXGroup;
			children = (
				91CB256221821E3000B94F44 /* Resource */,
				91CB255B218204AD00B94F44 /* Controllers */,
				91CB2558218203B000B94F44 /* Views */,
				9181470D2181D3C600C1E421 /* AppDelegate.swift */,
				9181470F2181D3C600C1E421 /* ViewController.swift */,
				918147112181D3C600C1E421 /* Main.storyboard */,
				918147142181D3C800C1E421 /* Assets.xcassets */,
				918147162181D3C800C1E421 /* LaunchScreen.storyboard */,
				918147192181D3C800C1E421 /* Info.plist */,
			);
			path = CoordinateSystem;
			sourceTree = "<group>";
		};
		918147212181D3C800C1E421 /* CoordinateSystemTests */ = {
			isa = PBXGroup;
			children = (
				918147222181D3C800C1E421 /* CoordinateSystemTests.swift */,
				918147242181D3C800C1E421 /* Info.plist */,
			);
			path = CoordinateSystemTests;
			sourceTree = "<group>";
		};
		91CB2558218203B000B94F44 /* Views */ = {
			isa = PBXGroup;
			children = (
				91CB25592182040200B94F44 /* CoordinateView.swift */,
			);
			path = Views;
			sourceTree = "<group>";
		};
		91CB255B218204AD00B94F44 /* Controllers */ = {
			isa = PBXGroup;
			children = (
				91CB255C218204F200B94F44 /* CoreGraphicsVC.swift */,
				91CB255E2182050B00B94F44 /* BezierVC.swift */,
				91CB256021821A5E00B94F44 /* BaseViewController.swift */,
			);
			path = Controllers;
			sourceTree = "<group>";
		};
		91CB256221821E3000B94F44 /* Resource */ = {
			isa = PBXGroup;
			children = (
				91CB256321821E3000B94F44 /* 坐标系.key */,
			);
			path = Resource;
			sourceTree = "<group>";
		};
/* End PBXGroup section */

/* Begin PBXNativeTarget section */
		918147092181D3C600C1E421 /* CoordinateSystem */ = {
			isa = PBXNativeTarget;
			buildConfigurationList = 918147272181D3C800C1E421 /* Build configuration list for PBXNativeTarget "CoordinateSystem" */;
			buildPhases = (
				918147062181D3C600C1E421 /* Sources */,
				918147072181D3C600C1E421 /* Frameworks */,
				918147082181D3C600C1E421 /* Resources */,
			);
			buildRules = (
			);
			dependencies = (
			);
			name = CoordinateSystem;
			productName = CoordinateSystem;
			productReference = 9181470A2181D3C600C1E421 /* CoordinateSystem.app */;
			productType = "com.apple.product-type.application";
		};
		9181471D2181D3C800C1E421 /* CoordinateSystemTests */ = {
			isa = PBXNativeTarget;
			buildConfigurationList = 9181472A2181D3C800C1E421 /* Build configuration list for PBXNativeTarget "CoordinateSystemTests" */;
			buildPhases = (
				9181471A2181D3C800C1E421 /* Sources */,
				9181471B2181D3C800C1E421 /* Frameworks */,
				9181471C2181D3C800C1E421 /* Resources */,
			);
			buildRules = (
			);
			dependencies = (
				918147202181D3C800C1E421 /* PBXTargetDependency */,
			);
			name = CoordinateSystemTests;
			productName = CoordinateSystemTests;
			productReference = 9181471E2181D3C800C1E421 /* CoordinateSystemTests.xctest */;
			productType = "com.apple.product-type.bundle.unit-test";
		};
/* End PBXNativeTarget section */

/* Begin PBXProject section */
		918147022181D3C600C1E421 /* Project object */ = {
			isa = PBXProject;
			attributes = {
				LastSwiftUpdateCheck = 0940;
				LastUpgradeCheck = 0940;
				ORGANIZATIONNAME = zhoufei;
				TargetAttributes = {
					918147092181D3C600C1E421 = {
						CreatedOnToolsVersion = 9.4.1;
					};
					9181471D2181D3C800C1E421 = {
						CreatedOnToolsVersion = 9.4.1;
						TestTargetID = 918147092181D3C600C1E421;
					};
				};
			};
			buildConfigurationList = 918147052181D3C600C1E421 /* Build configuration list for PBXProject "CoordinateSystem" */;
			compatibilityVersion = "Xcode 9.3";
			developmentRegion = en;
			hasScannedForEncodings = 0;
			knownRegions = (
				en,
				Base,
			);
			mainGroup = 918147012181D3C600C1E421;
			productRefGroup = 9181470B2181D3C600C1E421 /* Products */;
			projectDirPath = "";
			projectRoot = "";
			targets = (
				918147092181D3C600C1E421 /* CoordinateSystem */,
				9181471D2181D3C800C1E421 /* CoordinateSystemTests */,
			);
		};
/* End PBXProject section */

/* Begin PBXResourcesBuildPhase section */
		918147082181D3C600C1E421 /* Resources */ = {
			isa = PBXResourcesBuildPhase;
			buildActionMask = 2147483647;
			files = (
				91CB256421821E3000B94F44 /* 坐标系.key in Resources */,
				918147182181D3C800C1E421 /* LaunchScreen.storyboard in Resources */,
				918147152181D3C800C1E421 /* Assets.xcassets in Resources */,
				918147132181D3C600C1E421 /* Main.storyboard in Resources */,
			);
			runOnlyForDeploymentPostprocessing = 0;
		};
		9181471C2181D3C800C1E421 /* Resources */ = {
			isa = PBXResourcesBuildPhase;
			buildActionMask = 2147483647;
			files = (
			);
			runOnlyForDeploymentPostprocessing = 0;
		};
/* End PBXResourcesBuildPhase section */

/* Begin PBXSourcesBuildPhase section */
		918147062181D3C600C1E421 /* Sources */ = {
			isa = PBXSourcesBuildPhase;
			buildActionMask = 2147483647;
			files = (
				918147102181D3C600C1E421 /* ViewController.swift in Sources */,
				91CB255A2182040200B94F44 /* CoordinateView.swift in Sources */,
				91CB255D218204F200B94F44 /* CoreGraphicsVC.swift in Sources */,
				91CB255F2182050B00B94F44 /* BezierVC.swift in Sources */,
				9181470E2181D3C600C1E421 /* AppDelegate.swift in Sources */,
				91CB256121821A5E00B94F44 /* BaseViewController.swift in Sources */,
			);
			runOnlyForDeploymentPostprocessing = 0;
		};
		9181471A2181D3C800C1E421 /* Sources */ = {
			isa = PBXSourcesBuildPhase;
			buildActionMask = 2147483647;
			files = (
				918147232181D3C800C1E421 /* CoordinateSystemTests.swift in Sources */,
			);
			runOnlyForDeploymentPostprocessing = 0;
		};
/* End PBXSourcesBuildPhase section */

/* Begin PBXTargetDependency section */
		918147202181D3C800C1E421 /* PBXTargetDependency */ = {
			isa = PBXTargetDependency;
			target = 918147092181D3C600C1E421 /* CoordinateSystem */;
			targetProxy = 9181471F2181D3C800C1E421 /* PBXContainerItemProxy */;
		};
/* End PBXTargetDependency section */

/* Begin PBXVariantGroup section */
		918147112181D3C600C1E421 /* Main.storyboard */ = {
			isa = PBXVariantGroup;
			children = (
				918147122181D3C600C1E421 /* Base */,
			);
			name = Main.storyboard;
			sourceTree = "<group>";
		};
		918147162181D3C800C1E421 /* LaunchScreen.storyboard */ = {
			isa = PBXVariantGroup;
			children = (
				918147172181D3C800C1E421 /* Base */,
			);
			name = LaunchScreen.storyboard;
			sourceTree = "<group>";
		};
/* End PBXVariantGroup section */

/* Begin XCBuildConfiguration section */
		918147252181D3C800C1E421 /* Debug */ = {
			isa = XCBuildConfiguration;
			buildSettings = {
				ALWAYS_SEARCH_USER_PATHS = NO;
				CLANG_ANALYZER_NONNULL = YES;
				CLANG_ANALYZER_NUMBER_OBJECT_CONVERSION = YES_AGGRESSIVE;
				CLANG_CXX_LANGUAGE_STANDARD = "gnu++14";
				CLANG_CXX_LIBRARY = "libc++";
				CLANG_ENABLE_MODULES = YES;
				CLANG_ENABLE_OBJC_ARC = YES;
				CLANG_ENABLE_OBJC_WEAK = YES;
				CLANG_WARN_BLOCK_CAPTURE_AUTORELEASING = YES;
				CLANG_WARN_BOOL_CONVERSION = YES;
				CLANG_WARN_COMMA = YES;
				CLANG_WARN_CONSTANT_CONVERSION = YES;
				CLANG_WARN_DEPRECATED_OBJC_IMPLEMENTATIONS = YES;
				CLANG_WARN_DIRECT_OBJC_ISA_USAGE = YES_ERROR;
				CLANG_WARN_DOCUMENTATION_COMMENTS = YES;
				CLANG_WARN_EMPTY_BODY = YES;
				CLANG_WARN_ENUM_CONVERSION = YES;
				CLANG_WARN_INFINITE_RECURSION = YES;
				CLANG_WARN_INT_CONVERSION = YES;
				CLANG_WARN_NON_LITERAL_NULL_CONVERSION = YES;
				CLANG_WARN_OBJC_IMPLICIT_RETAIN_SELF = YES;
				CLANG_WARN_OBJC_LITERAL_CONVERSION = YES;
				CLANG_WARN_OBJC_ROOT_CLASS = YES_ERROR;
				CLANG_WARN_RANGE_LOOP_ANALYSIS = YES;
				CLANG_WARN_STRICT_PROTOTYPES = YES;
				CLANG_WARN_SUSPICIOUS_MOVE = YES;
				CLANG_WARN_UNGUARDED_AVAILABILITY = YES_AGGRESSIVE;
				CLANG_WARN_UNREACHABLE_CODE = YES;
				CLANG_WARN__DUPLICATE_METHOD_MATCH = YES;
				CODE_SIGN_IDENTITY = "iPhone Developer";
				COPY_PHASE_STRIP = NO;
				DEBUG_INFORMATION_FORMAT = dwarf;
				ENABLE_STRICT_OBJC_MSGSEND = YES;
				ENABLE_TESTABILITY = YES;
				GCC_C_LANGUAGE_STANDARD = gnu11;
				GCC_DYNAMIC_NO_PIC = NO;
				GCC_NO_COMMON_BLOCKS = YES;
				GCC_OPTIMIZATION_LEVEL = 0;
				GCC_PREPROCESSOR_DEFINITIONS = (
					"DEBUG=1",
					"$(inherited)",
				);
				GCC_WARN_64_TO_32_BIT_CONVERSION = YES;
				GCC_WARN_ABOUT_RETURN_TYPE = YES_ERROR;
				GCC_WARN_UNDECLARED_SELECTOR = YES;
				GCC_WARN_UNINITIALIZED_AUTOS = YES_AGGRESSIVE;
				GCC_WARN_UNUSED_FUNCTION = YES;
				GCC_WARN_UNUSED_VARIABLE = YES;
				IPHONEOS_DEPLOYMENT_TARGET = 11.4;
				MTL_ENABLE_DEBUG_INFO = YES;
				ONLY_ACTIVE_ARCH = YES;
				SDKROOT = iphoneos;
				SWIFT_ACTIVE_COMPILATION_CONDITIONS = DEBUG;
				SWIFT_OPTIMIZATION_LEVEL = "-Onone";
			};
			name = Debug;
		};
		918147262181D3C800C1E421 /* Release */ = {
			isa = XCBuildConfiguration;
			buildSettings = {
				ALWAYS_SEARCH_USER_PATHS = NO;
				CLANG_ANALYZER_NONNULL = YES;
				CLANG_ANALYZER_NUMBER_OBJECT_CONVERSION = YES_AGGRESSIVE;
				CLANG_CXX_LANGUAGE_STANDARD = "gnu++14";
				CLANG_CXX_LIBRARY = "libc++";
				CLANG_ENABLE_MODULES = YES;
				CLANG_ENABLE_OBJC_ARC = YES;
				CLANG_ENABLE_OBJC_WEAK = YES;
				CLANG_WARN_BLOCK_CAPTURE_AUTORELEASING = YES;
				CLANG_WARN_BOOL_CONVERSION = YES;
				CLANG_WARN_COMMA = YES;
				CLANG_WARN_CONSTANT_CONVERSION = YES;
				CLANG_WARN_DEPRECATED_OBJC_IMPLEMENTATIONS = YES;
				CLANG_WARN_DIRECT_OBJC_ISA_USAGE = YES_ERROR;
				CLANG_WARN_DOCUMENTATION_COMMENTS = YES;
				CLANG_WARN_EMPTY_BODY = YES;
				CLANG_WARN_ENUM_CONVERSION = YES;
				CLANG_WARN_INFINITE_RECURSION = YES;
				CLANG_WARN_INT_CONVERSION = YES;
				CLANG_WARN_NON_LITERAL_NULL_CONVERSION = YES;
				CLANG_WARN_OBJC_IMPLICIT_RETAIN_SELF = YES;
				CLANG_WARN_OBJC_LITERAL_CONVERSION = YES;
				CLANG_WARN_OBJC_ROOT_CLASS = YES_ERROR;
				CLANG_WARN_RANGE_LOOP_ANALYSIS = YES;
				CLANG_WARN_STRICT_PROTOTYPES = YES;
				CLANG_WARN_SUSPICIOUS_MOVE = YES;
				CLANG_WARN_UNGUARDED_AVAILABILITY = YES_AGGRESSIVE;
				CLANG_WARN_UNREACHABLE_CODE = YES;
				CLANG_WARN__DUPLICATE_METHOD_MATCH = YES;
				CODE_SIGN_IDENTITY = "iPhone Developer";
				COPY_PHASE_STRIP = NO;
				DEBUG_INFORMATION_FORMAT = "dwarf-with-dsym";
				ENABLE_NS_ASSERTIONS = NO;
				ENABLE_STRICT_OBJC_MSGSEND = YES;
				GCC_C_LANGUAGE_STANDARD = gnu11;
				GCC_NO_COMMON_BLOCKS = YES;
				GCC_WARN_64_TO_32_BIT_CONVERSION = YES;
				GCC_WARN_ABOUT_RETURN_TYPE = YES_ERROR;
				GCC_WARN_UNDECLARED_SELECTOR = YES;
				GCC_WARN_UNINITIALIZED_AUTOS = YES_AGGRESSIVE;
				GCC_WARN_UNUSED_FUNCTION = YES;
				GCC_WARN_UNUSED_VARIABLE = YES;
				IPHONEOS_DEPLOYMENT_TARGET = 11.4;
				MTL_ENABLE_DEBUG_INFO = NO;
				SDKROOT = iphoneos;
				SWIFT_COMPILATION_MODE = wholemodule;
				SWIFT_OPTIMIZATION_LEVEL = "-O";
				VALIDATE_PRODUCT = YES;
			};
			name = Release;
		};
		918147282181D3C800C1E421 /* Debug */ = {
			isa = XCBuildConfiguration;
			buildSettings = {
				ASSETCATALOG_COMPILER_APPICON_NAME = AppIcon;
				CODE_SIGN_STYLE = Automatic;
				DEVELOPMENT_TEAM = C7UNH8293N;
				INFOPLIST_FILE = CoordinateSystem/Info.plist;
				LD_RUNPATH_SEARCH_PATHS = (
					"$(inherited)",
					"@executable_path/Frameworks",
				);
				PRODUCT_BUNDLE_IDENTIFIER = ZHF.CoordinateSystem;
				PRODUCT_NAME = "$(TARGET_NAME)";
				SWIFT_VERSION = 4.0;
				TARGETED_DEVICE_FAMILY = "1,2";
			};
			name = Debug;
		};
		918147292181D3C800C1E421 /* Release */ = {
			isa = XCBuildConfiguration;
			buildSettings = {
				ASSETCATALOG_COMPILER_APPICON_NAME = AppIcon;
				CODE_SIGN_STYLE = Automatic;
				DEVELOPMENT_TEAM = C7UNH8293N;
				INFOPLIST_FILE = CoordinateSystem/Info.plist;
				LD_RUNPATH_SEARCH_PATHS = (
					"$(inherited)",
					"@executable_path/Frameworks",
				);
				PRODUCT_BUNDLE_IDENTIFIER = ZHF.CoordinateSystem;
				PRODUCT_NAME = "$(TARGET_NAME)";
				SWIFT_VERSION = 4.0;
				TARGETED_DEVICE_FAMILY = "1,2";
			};
			name = Release;
		};
		9181472B2181D3C800C1E421 /* Debug */ = {
			isa = XCBuildConfiguration;
			buildSettings = {
				ALWAYS_EMBED_SWIFT_STANDARD_LIBRARIES = YES;
				BUNDLE_LOADER = "$(TEST_HOST)";
				CODE_SIGN_STYLE = Automatic;
				DEVELOPMENT_TEAM = C7UNH8293N;
				INFOPLIST_FILE = CoordinateSystemTests/Info.plist;
				LD_RUNPATH_SEARCH_PATHS = (
					"$(inherited)",
					"@executable_path/Frameworks",
					"@loader_path/Frameworks",
				);
				PRODUCT_BUNDLE_IDENTIFIER = ZHF.CoordinateSystemTests;
				PRODUCT_NAME = "$(TARGET_NAME)";
				SWIFT_VERSION = 4.0;
				TARGETED_DEVICE_FAMILY = "1,2";
				TEST_HOST = "$(BUILT_PRODUCTS_DIR)/CoordinateSystem.app/CoordinateSystem";
			};
			name = Debug;
		};
		9181472C2181D3C800C1E421 /* Release */ = {
			isa = XCBuildConfiguration;
			buildSettings = {
				ALWAYS_EMBED_SWIFT_STANDARD_LIBRARIES = YES;
				BUNDLE_LOADER = "$(TEST_HOST)";
				CODE_SIGN_STYLE = Automatic;
				DEVELOPMENT_TEAM = C7UNH8293N;
				INFOPLIST_FILE = CoordinateSystemTests/Info.plist;
				LD_RUNPATH_SEARCH_PATHS = (
					"$(inherited)",
					"@executable_path/Frameworks",
					"@loader_path/Frameworks",
				);
				PRODUCT_BUNDLE_IDENTIFIER = ZHF.CoordinateSystemTests;
				PRODUCT_NAME = "$(TARGET_NAME)";
				SWIFT_VERSION = 4.0;
				TARGETED_DEVICE_FAMILY = "1,2";
				TEST_HOST = "$(BUILT_PRODUCTS_DIR)/CoordinateSystem.app/CoordinateSystem";
			};
			name = Release;
		};
/* End XCBuildConfiguration section */

/* Begin XCConfigurationList section */
		918147052181D3C600C1E421 /* Build configuration list for PBXProject "CoordinateSystem" */ = {
			isa = XCConfigurationList;
			buildConfigurations = (
				918147252181D3C800C1E421 /* Debug */,
				918147262181D3C800C1E421 /* Release */,
			);
			defaultConfigurationIsVisible = 0;
			defaultConfigurationName = Release;
		};
		918147272181D3C800C1E421 /* Build configuration list for PBXNativeTarget "CoordinateSystem" */ = {
			isa = XCConfigurationList;
			buildConfigurations = (
				918147282181D3C800C1E421 /* Debug */,
				918147292181D3C800C1E421 /* Release */,
			);
			defaultConfigurationIsVisible = 0;
			defaultConfigurationName = Release;
		};
		9181472A2181D3C800C1E421 /* Build configuration list for PBXNativeTarget "CoordinateSystemTests" */ = {
			isa = XCConfigurationList;
			buildConfigurations = (
				9181472B2181D3C800C1E421 /* Debug */,
				9181472C2181D3C800C1E421 /* Release */,
			);
			defaultConfigurationIsVisible = 0;
			defaultConfigurationName = Release;
		};
/* End XCConfigurationList section */
	};
	rootObject = 918147022181D3C600C1E421 /* Project object */;
}
